
Microsoft Visual Studio Solution File, Format Version 12.00
# Visual Studio 15
VisualStudioVersion = 15.0.28010.2003
MinimumVisualStudioVersion = 10.0.40219.1
Project("{FAE04EC0-301F-11D3-BF4B-00C04F79EFBC}") = "Tutorial", "Tutorial.csproj", "{ABF8687D-70F9-41D2-957F-6C45F87609D5}"
EndProject
Global
	GlobalSection(SolutionConfigurationPlatforms) = preSolution
		Debug|Any CPU = Debug|Any CPU
		Release|Any CPU = Release|Any CPU
	EndGlobalSection
	GlobalSection(ProjectConfigurationPlatforms) = postSolution
		{ABF8687D-70F9-41D2-957F-6C45F87609D5}.Debug|Any CPU.ActiveCfg = Debug|Any CPU
		{ABF8687D-70F9-41D2-957F-6C45F87609D5}.Debug|Any CPU.Build.0 = Debug|Any CPU
		{ABF8687D-70F9-41D2-957F-6C45F87609D5}.Release|Any CPU.ActiveCfg = Release|Any CPU
		{ABF8687D-70F9-41D2-957F-6C45F87609D5}.Release|Any CPU.Build.0 = Release|Any CPU
	EndGlobalSection
	GlobalSection(SolutionProperties) = preSolution
		HideSolutionNode = FALSE
	EndGlobalSection
	GlobalSection(ExtensibilityGlobals) = postSolution
		SolutionGuid = {6B860F68-021F-49EB-AC63-BA98DB55B053}
	EndGlobalSection
EndGlobal
